
Microsoft Visual Studio Solution File, Format Version 12.00
# Visual Studio Version 16
VisualStudioVersion = 16.0.35229.62
MinimumVisualStudioVersion = 10.0.40219.1
Project("{FAE04EC0-301F-11D3-BF4B-00C04F79EFBC}") = "Capa_Vista_DeudasProveedores", "Capa_Vista_DeudasProveedores\Capa_Vista_DeudasProveedores.csproj", "{D4078736-6E00-4DE5-AB50-A59F516AA99F}"
EndProject
Project("{FAE04EC0-301F-11D3-BF4B-00C04F79EFBC}") = "Capa_Controlador_DeudasProveedores", "Capa_Controlador_DeudasProveedores\Capa_Controlador_DeudasProveedores.csproj", "{0EB71E21-BFA1-4F97-A981-DE187FF40390}"
EndProject
Project("{FAE04EC0-301F-11D3-BF4B-00C04F79EFBC}") = "Capa_Modelo_DeudasProveedores", "Capa_Modelo_DeudasProveedores\Capa_Modelo_DeudasProveedores.csproj", "{D17DA6DD-A4A8-4DA5-9672-EC3CBF1D68F9}"
EndProject
Global
	GlobalSection(SolutionConfigurationPlatforms) = preSolution
		Debug|Any CPU = Debug|Any CPU
		Release|Any CPU = Release|Any CPU
	EndGlobalSection
	GlobalSection(ProjectConfigurationPlatforms) = postSolution
		{D4078736-6E00-4DE5-AB50-A59F516AA99F}.Debug|Any CPU.ActiveCfg = Debug|Any CPU
		{D4078736-6E00-4DE5-AB50-A59F516AA99F}.Debug|Any CPU.Build.0 = Debug|Any CPU
		{D4078736-6E00-4DE5-AB50-A59F516AA99F}.Release|Any CPU.ActiveCfg = Release|Any CPU
		{D4078736-6E00-4DE5-AB50-A59F516AA99F}.Release|Any CPU.Build.0 = Release|Any CPU
		{0EB71E21-BFA1-4F97-A981-DE187FF40390}.Debug|Any CPU.ActiveCfg = Debug|Any CPU
		{0EB71E21-BFA1-4F97-A981-DE187FF40390}.Debug|Any CPU.Build.0 = Debug|Any CPU
		{0EB71E21-BFA1-4F97-A981-DE187FF40390}.Release|Any CPU.ActiveCfg = Release|Any CPU
		{0EB71E21-BFA1-4F97-A981-DE187FF40390}.Release|Any CPU.Build.0 = Release|Any CPU
		{D17DA6DD-A4A8-4DA5-9672-EC3CBF1D68F9}.Debug|Any CPU.ActiveCfg = Debug|Any CPU
		{D17DA6DD-A4A8-4DA5-9672-EC3CBF1D68F9}.Debug|Any CPU.Build.0 = Debug|Any CPU
		{D17DA6DD-A4A8-4DA5-9672-EC3CBF1D68F9}.Release|Any CPU.ActiveCfg = Release|Any CPU
		{D17DA6DD-A4A8-4DA5-9672-EC3CBF1D68F9}.Release|Any CPU.Build.0 = Release|Any CPU
	EndGlobalSection
	GlobalSection(SolutionProperties) = preSolution
		HideSolutionNode = FALSE
	EndGlobalSection
	GlobalSection(ExtensibilityGlobals) = postSolution
		SolutionGuid = {638911F8-8562-496F-AD16-D07A65C33330}
	EndGlobalSection
EndGlobal
