
Microsoft Visual Studio Solution File, Format Version 12.00
# Visual Studio Version 17
VisualStudioVersion = 17.12.35707.178 d17.12
MinimumVisualStudioVersion = 10.0.40219.1
Project("{FAE04EC0-301F-11D3-BF4B-00C04F79EFBC}") = "Capa_Vista_Carrera", "Capa_Vista_Carrera\Capa_Vista_Carrera.csproj", "{0C33189D-F3F6-4EB6-8549-4C0B041F5CF5}"
EndProject
Project("{FAE04EC0-301F-11D3-BF4B-00C04F79EFBC}") = "Capa_Controlador_Carrera", "Capa_Controlador_Carrera\Capa_Controlador_Carrera.csproj", "{4464F864-41A7-45F3-83B5-DFFD9D95928B}"
EndProject
Project("{FAE04EC0-301F-11D3-BF4B-00C04F79EFBC}") = "Capa_Modelo_Carrera", "Capa_Modelo_Carrera\Capa_Modelo_Carrera.csproj", "{2CFDDD75-4381-4D53-8948-744AFFD160A0}"
EndProject
Global
	GlobalSection(SolutionConfigurationPlatforms) = preSolution
		Debug|Any CPU = Debug|Any CPU
		Release|Any CPU = Release|Any CPU
	EndGlobalSection
	GlobalSection(ProjectConfigurationPlatforms) = postSolution
		{0C33189D-F3F6-4EB6-8549-4C0B041F5CF5}.Debug|Any CPU.ActiveCfg = Debug|Any CPU
		{0C33189D-F3F6-4EB6-8549-4C0B041F5CF5}.Debug|Any CPU.Build.0 = Debug|Any CPU
		{0C33189D-F3F6-4EB6-8549-4C0B041F5CF5}.Release|Any CPU.ActiveCfg = Release|Any CPU
		{0C33189D-F3F6-4EB6-8549-4C0B041F5CF5}.Release|Any CPU.Build.0 = Release|Any CPU
		{4464F864-41A7-45F3-83B5-DFFD9D95928B}.Debug|Any CPU.ActiveCfg = Debug|Any CPU
		{4464F864-41A7-45F3-83B5-DFFD9D95928B}.Debug|Any CPU.Build.0 = Debug|Any CPU
		{4464F864-41A7-45F3-83B5-DFFD9D95928B}.Release|Any CPU.ActiveCfg = Release|Any CPU
		{4464F864-41A7-45F3-83B5-DFFD9D95928B}.Release|Any CPU.Build.0 = Release|Any CPU
		{2CFDDD75-4381-4D53-8948-744AFFD160A0}.Debug|Any CPU.ActiveCfg = Debug|Any CPU
		{2CFDDD75-4381-4D53-8948-744AFFD160A0}.Debug|Any CPU.Build.0 = Debug|Any CPU
		{2CFDDD75-4381-4D53-8948-744AFFD160A0}.Release|Any CPU.ActiveCfg = Release|Any CPU
		{2CFDDD75-4381-4D53-8948-744AFFD160A0}.Release|Any CPU.Build.0 = Release|Any CPU
	EndGlobalSection
	GlobalSection(SolutionProperties) = preSolution
		HideSolutionNode = FALSE
	EndGlobalSection
EndGlobal
