
Microsoft Visual Studio Solution File, Format Version 12.00
# Visual Studio Version 16
VisualStudioVersion = 16.0.35826.135
MinimumVisualStudioVersion = 10.0.40219.1
Project("{FAE04EC0-301F-11D3-BF4B-00C04F79EFBC}") = "Capa_Controlador_Evaluacion", "Capa_Controlador_Evaluacion\Capa_Controlador_Evaluacion.csproj", "{B88CF02D-1ABB-42FD-8CB5-6105B74F904F}"
EndProject
Project("{FAE04EC0-301F-11D3-BF4B-00C04F79EFBC}") = "Capa_Modelo_Evaluacion", "Capa_Modelo_Evaluacion\Capa_Modelo_Evaluacion.csproj", "{97F56A71-2299-4956-BBD9-626FEF245385}"
EndProject
Project("{FAE04EC0-301F-11D3-BF4B-00C04F79EFBC}") = "Capa_Vista_Evaluacion", "Capa_Vista_Evaluacion\Capa_Vista_Evaluacion.csproj", "{5A8E3A57-2070-4ACF-BDB6-695F81DEC9A7}"
EndProject
Project("{FAE04EC0-301F-11D3-BF4B-00C04F79EFBC}") = "Prueba_Evaluacion", "Prueba_Evaluacion\Prueba_Evaluacion.csproj", "{D79815D9-122B-4D96-AAFE-85804E839106}"
EndProject
Global
	GlobalSection(SolutionConfigurationPlatforms) = preSolution
		Debug|Any CPU = Debug|Any CPU
		Release|Any CPU = Release|Any CPU
	EndGlobalSection
	GlobalSection(ProjectConfigurationPlatforms) = postSolution
		{B88CF02D-1ABB-42FD-8CB5-6105B74F904F}.Debug|Any CPU.ActiveCfg = Debug|Any CPU
		{B88CF02D-1ABB-42FD-8CB5-6105B74F904F}.Debug|Any CPU.Build.0 = Debug|Any CPU
		{B88CF02D-1ABB-42FD-8CB5-6105B74F904F}.Release|Any CPU.ActiveCfg = Release|Any CPU
		{B88CF02D-1ABB-42FD-8CB5-6105B74F904F}.Release|Any CPU.Build.0 = Release|Any CPU
		{97F56A71-2299-4956-BBD9-626FEF245385}.Debug|Any CPU.ActiveCfg = Debug|Any CPU
		{97F56A71-2299-4956-BBD9-626FEF245385}.Debug|Any CPU.Build.0 = Debug|Any CPU
		{97F56A71-2299-4956-BBD9-626FEF245385}.Release|Any CPU.ActiveCfg = Release|Any CPU
		{97F56A71-2299-4956-BBD9-626FEF245385}.Release|Any CPU.Build.0 = Release|Any CPU
		{5A8E3A57-2070-4ACF-BDB6-695F81DEC9A7}.Debug|Any CPU.ActiveCfg = Debug|Any CPU
		{5A8E3A57-2070-4ACF-BDB6-695F81DEC9A7}.Debug|Any CPU.Build.0 = Debug|Any CPU
		{5A8E3A57-2070-4ACF-BDB6-695F81DEC9A7}.Release|Any CPU.ActiveCfg = Release|Any CPU
		{5A8E3A57-2070-4ACF-BDB6-695F81DEC9A7}.Release|Any CPU.Build.0 = Release|Any CPU
		{D79815D9-122B-4D96-AAFE-85804E839106}.Debug|Any CPU.ActiveCfg = Debug|Any CPU
		{D79815D9-122B-4D96-AAFE-85804E839106}.Debug|Any CPU.Build.0 = Debug|Any CPU
		{D79815D9-122B-4D96-AAFE-85804E839106}.Release|Any CPU.ActiveCfg = Release|Any CPU
		{D79815D9-122B-4D96-AAFE-85804E839106}.Release|Any CPU.Build.0 = Release|Any CPU
	EndGlobalSection
	GlobalSection(SolutionProperties) = preSolution
		HideSolutionNode = FALSE
	EndGlobalSection
	GlobalSection(ExtensibilityGlobals) = postSolution
		SolutionGuid = {A29C183A-A675-46AC-8422-94F5C893E5EE}
	EndGlobalSection
EndGlobal
